
Microsoft Visual Studio Solution File, Format Version 12.00
# Visual Studio Version 17
VisualStudioVersion = 17.13.35931.197 d17.13
MinimumVisualStudioVersion = 10.0.40219.1
Project("{FAE04EC0-301F-11D3-BF4B-00C04F79EFBC}") = "5.2", "5.2\5.2.csproj", "{2C6F1AE6-CCCC-4B87-B2F6-29BE8848B8BE}"
EndProject
Global
	GlobalSection(SolutionConfigurationPlatforms) = preSolution
		Debug|Any CPU = Debug|Any CPU
		Release|Any CPU = Release|Any CPU
	EndGlobalSection
	GlobalSection(ProjectConfigurationPlatforms) = postSolution
		{2C6F1AE6-CCCC-4B87-B2F6-29BE8848B8BE}.Debug|Any CPU.ActiveCfg = Debug|Any CPU
		{2C6F1AE6-CCCC-4B87-B2F6-29BE8848B8BE}.Debug|Any CPU.Build.0 = Debug|Any CPU
		{2C6F1AE6-CCCC-4B87-B2F6-29BE8848B8BE}.Release|Any CPU.ActiveCfg = Release|Any CPU
		{2C6F1AE6-CCCC-4B87-B2F6-29BE8848B8BE}.Release|Any CPU.Build.0 = Release|Any CPU
	EndGlobalSection
	GlobalSection(SolutionProperties) = preSolution
		HideSolutionNode = FALSE
	EndGlobalSection
	GlobalSection(ExtensibilityGlobals) = postSolution
		SolutionGuid = {02B51D51-BB18-4A70-A5FC-CF341460427C}
	EndGlobalSection
EndGlobal
